# THIS IS AN AUTOGENERATED FILE. DO NOT EDIT THIS FILE DIRECTLY.
# yarn lockfile v1


"@upstash/redis@^1.31.3":
  version "1.31.5"
  resolved "https://registry.yarnpkg.com/@upstash/redis/-/redis-1.31.5.tgz#8d5fe439a2a28638b3a354a23680ecf7f7eb4f54"
  integrity sha512-2MatqeqftroSJ9Q+pqbyGAIwXX6KEPtUTUna2c/fq09h12ffwvltDTgfppeF+NzJo/SyZfHY8e1RoflduMbz1A==
  dependencies:
    crypto-js "^4.2.0"

"@vercel/kv@^2.0.0":
  version "2.0.0"
  resolved "https://registry.yarnpkg.com/@vercel/kv/-/kv-2.0.0.tgz#a0baa12563946cb35cee23d638b68f0fbbf76172"
  integrity sha512-zdVrhbzZBYo5d1Hfn4bKtqCeKf0FuzW8rSHauzQVMUgv1+1JOwof2mWcBuI+YMJy8s0G0oqAUfQ7HgUDzb8EbA==
  dependencies:
    "@upstash/redis" "^1.31.3"

crypto-js@^4.2.0:
  version "4.2.0"
  resolved "https://registry.yarnpkg.com/crypto-js/-/crypto-js-4.2.0.tgz#4d931639ecdfd12ff80e8186dba6af2c2e856631"
  integrity sha512-KALDyEYgpY+Rlob/iriUtjV6d5Eq+Y191A5g4UqLAi8CyGP9N1+FdVbkc1SxKc2r4YAYqG8JzO2KGL+AizD70Q==
